
Microsoft Visual Studio Solution File, Format Version 12.00
# Visual Studio Version 17
VisualStudioVersion = 17.6.33717.318
MinimumVisualStudioVersion = 10.0.40219.1
Project("{FAE04EC0-301F-11D3-BF4B-00C04F79EFBC}") = "client_side", "client_side\client_side.csproj", "{5A8FEB82-7D85-45B9-8BD4-3C4CCFB5F935}"
EndProject
Global
	GlobalSection(SolutionConfigurationPlatforms) = preSolution
		Debug|Any CPU = Debug|Any CPU
		Release|Any CPU = Release|Any CPU
	EndGlobalSection
	GlobalSection(ProjectConfigurationPlatforms) = postSolution
		{5A8FEB82-7D85-45B9-8BD4-3C4CCFB5F935}.Debug|Any CPU.ActiveCfg = Debug|Any CPU
		{5A8FEB82-7D85-45B9-8BD4-3C4CCFB5F935}.Debug|Any CPU.Build.0 = Debug|Any CPU
		{5A8FEB82-7D85-45B9-8BD4-3C4CCFB5F935}.Release|Any CPU.ActiveCfg = Release|Any CPU
		{5A8FEB82-7D85-45B9-8BD4-3C4CCFB5F935}.Release|Any CPU.Build.0 = Release|Any CPU
	EndGlobalSection
	GlobalSection(SolutionProperties) = preSolution
		HideSolutionNode = FALSE
	EndGlobalSection
	GlobalSection(ExtensibilityGlobals) = postSolution
		SolutionGuid = {0DFA376D-BEAD-4345-84AF-B4D381D0F594}
	EndGlobalSection
EndGlobal
